
Microsoft Visual Studio Solution File, Format Version 12.00
# Visual Studio Version 16
VisualStudioVersion = 16.0.30517.126
MinimumVisualStudioVersion = 10.0.40219.1
Project("{FAE04EC0-301F-11D3-BF4B-00C04F79EFBC}") = "NetMQ.SendMessage", "NetMQ.SendMessage\NetMQ.SendMessage.csproj", "{C3B5BAB5-85A0-43FC-B9BD-8D5634CD0329}"
EndProject
Global
	GlobalSection(SolutionConfigurationPlatforms) = preSolution
		Debug|Any CPU = Debug|Any CPU
		Release|Any CPU = Release|Any CPU
	EndGlobalSection
	GlobalSection(ProjectConfigurationPlatforms) = postSolution
		{C3B5BAB5-85A0-43FC-B9BD-8D5634CD0329}.Debug|Any CPU.ActiveCfg = Debug|Any CPU
		{C3B5BAB5-85A0-43FC-B9BD-8D5634CD0329}.Debug|Any CPU.Build.0 = Debug|Any CPU
		{C3B5BAB5-85A0-43FC-B9BD-8D5634CD0329}.Release|Any CPU.ActiveCfg = Release|Any CPU
		{C3B5BAB5-85A0-43FC-B9BD-8D5634CD0329}.Release|Any CPU.Build.0 = Release|Any CPU
	EndGlobalSection
	GlobalSection(SolutionProperties) = preSolution
		HideSolutionNode = FALSE
	EndGlobalSection
	GlobalSection(ExtensibilityGlobals) = postSolution
		SolutionGuid = {08DB65C0-BE4A-4264-A21E-868751261D70}
	EndGlobalSection
EndGlobal
